{
  "name": "codeseed-dev",
  "lockfileVersion": 3,
  "requires": true,
  "packages": {
    "": {
      "devDependencies": {
        "@cloudflare/workers-types": "^4.20260101.0"
      }
    },
    "node_modules/@cloudflare/workers-types": {
      "version": "4.20260101.0",
      "resolved": "https://registry.npmjs.org/@cloudflare/workers-types/-/workers-types-4.20260101.0.tgz",
      "integrity": "sha512-C28o4U1T4dPe8avLv1xMQ4MtSE6G4skbVA3VfVZIrpTqklvO+homKB1uFEtNbuZlaKg+Znv8sjmGQUInTH17gA==",
      "dev": true,
      "license": "MIT OR Apache-2.0"
    }
  }
}
